
Microsoft Visual Studio Solution File, Format Version 12.00
# Visual Studio 15
VisualStudioVersion = 15.0.28307.329
MinimumVisualStudioVersion = 10.0.40219.1
Project("{4DF76451-A46A-4C0B-BE03-459FAAFA07E6}") = "Teamleader API Connection", "Teamleader API Connection\Teamleader API Connection.mproj", "{BE308B89-CFB9-4513-ACAB-9E569C54D93D}"
EndProject
Global
	GlobalSection(SolutionConfigurationPlatforms) = preSolution
		Debug|x86 = Debug|x86
		Release|x86 = Release|x86
	EndGlobalSection
	GlobalSection(ProjectConfigurationPlatforms) = postSolution
		{BE308B89-CFB9-4513-ACAB-9E569C54D93D}.Debug|x86.ActiveCfg = Debug|x86
		{BE308B89-CFB9-4513-ACAB-9E569C54D93D}.Debug|x86.Build.0 = Debug|x86
		{BE308B89-CFB9-4513-ACAB-9E569C54D93D}.Release|x86.ActiveCfg = Release|x86
		{BE308B89-CFB9-4513-ACAB-9E569C54D93D}.Release|x86.Build.0 = Release|x86
	EndGlobalSection
	GlobalSection(SolutionProperties) = preSolution
		HideSolutionNode = FALSE
	EndGlobalSection
	GlobalSection(ExtensibilityGlobals) = postSolution
		SolutionGuid = {1E32638B-F66E-49D4-B7CD-830C803C89F7}
	EndGlobalSection
EndGlobal
